
Microsoft Visual Studio Solution File, Format Version 12.00
# Visual Studio 15
VisualStudioVersion = 15.0.27703.2000
MinimumVisualStudioVersion = 10.0.40219.1
Project("{FAE04EC0-301F-11D3-BF4B-00C04F79EFBC}") = "Kbonacci", "Kbonacci\Kbonacci.csproj", "{BBA9E503-FA24-494B-876D-AD264A997009}"
EndProject
Project("{FAE04EC0-301F-11D3-BF4B-00C04F79EFBC}") = "UnitTestProject1", "UnitTestProject1\UnitTestProject1.csproj", "{631AF598-EB92-473C-A9F7-F4A904AAE979}"
EndProject
Global
	GlobalSection(SolutionConfigurationPlatforms) = preSolution
		Debug|Any CPU = Debug|Any CPU
		Release|Any CPU = Release|Any CPU
	EndGlobalSection
	GlobalSection(ProjectConfigurationPlatforms) = postSolution
		{BBA9E503-FA24-494B-876D-AD264A997009}.Debug|Any CPU.ActiveCfg = Debug|Any CPU
		{BBA9E503-FA24-494B-876D-AD264A997009}.Debug|Any CPU.Build.0 = Debug|Any CPU
		{BBA9E503-FA24-494B-876D-AD264A997009}.Release|Any CPU.ActiveCfg = Release|Any CPU
		{BBA9E503-FA24-494B-876D-AD264A997009}.Release|Any CPU.Build.0 = Release|Any CPU
		{631AF598-EB92-473C-A9F7-F4A904AAE979}.Debug|Any CPU.ActiveCfg = Debug|Any CPU
		{631AF598-EB92-473C-A9F7-F4A904AAE979}.Debug|Any CPU.Build.0 = Debug|Any CPU
		{631AF598-EB92-473C-A9F7-F4A904AAE979}.Release|Any CPU.ActiveCfg = Release|Any CPU
		{631AF598-EB92-473C-A9F7-F4A904AAE979}.Release|Any CPU.Build.0 = Release|Any CPU
	EndGlobalSection
	GlobalSection(SolutionProperties) = preSolution
		HideSolutionNode = FALSE
	EndGlobalSection
	GlobalSection(ExtensibilityGlobals) = postSolution
		SolutionGuid = {3E652988-D407-4A78-A211-10F6C958AB75}
	EndGlobalSection
EndGlobal
